{
  "requires": true,
  "lockfileVersion": 1,
  "dependencies": {
    "@vtex/styleguide": {
      "version": "2.0.0-rc.35",
      "resolved": "https://registry.npmjs.org/@vtex/styleguide/-/styleguide-2.0.0-rc.35.tgz",
      "integrity": "sha512-Gvw7dZjnDAhi7fOrMdOAqdxQR65m/f68ydzxyqjYnUXee+SBlgC0J/uAPpTLmxzKz6T4Mc6d2fLhBPyFNiQtqQ==",
      "requires": {
        "react-responsive-modal": "2.0.1",
        "vtex-tachyons": "2.4.0"
      }
    },
    "asap": {
      "version": "2.0.6",
      "resolved": "https://registry.npmjs.org/asap/-/asap-2.0.6.tgz",
      "integrity": "sha1-5QNHYR1+aQlDIIu9r+vLwvuGbUY="
    },
    "babel-eslint": {
      "version": "8.2.2",
      "resolved": "http://registry.npmjs.org/babel-eslint/-/babel-eslint-8.2.2.tgz",
      "integrity": "sha512-Qt2lz2egBxNYWqN9JIO2z4NOOf8i4b5JS6CFoYrOZZTDssueiV1jH/jsefyg+86SeNY3rB361/mi3kE1WK2WYQ==",
      "requires": {
        "@babel/code-frame": "7.0.0-beta.44",
        "@babel/traverse": "7.0.0-beta.44",
        "@babel/types": "7.0.0-beta.44",
        "babylon": "7.0.0-beta.44",
        "eslint-scope": "3.7.1",
        "eslint-visitor-keys": "1.0.0"
      },
      "dependencies": {
        "@babel/code-frame": {
          "version": "7.0.0-beta.44",
          "bundled": true,
          "requires": {
            "@babel/highlight": "7.0.0-beta.44"
          }
        },
        "@babel/generator": {
          "version": "7.0.0-beta.44",
          "bundled": true,
          "requires": {
            "@babel/types": "7.0.0-beta.44",
            "jsesc": "2.5.1",
            "lodash": "4.17.5",
            "source-map": "0.5.7",
            "trim-right": "1.0.1"
          }
        },
        "@babel/helper-function-name": {
          "version": "7.0.0-beta.44",
          "bundled": true,
          "requires": {
            "@babel/helper-get-function-arity": "7.0.0-beta.44",
            "@babel/template": "7.0.0-beta.44",
            "@babel/types": "7.0.0-beta.44"
          }
        },
        "@babel/helper-get-function-arity": {
          "version": "7.0.0-beta.44",
          "bundled": true,
          "requires": {
            "@babel/types": "7.0.0-beta.44"
          }
        },
        "@babel/helper-split-export-declaration": {
          "version": "7.0.0-beta.44",
          "bundled": true,
          "requires": {
            "@babel/types": "7.0.0-beta.44"
          }
        },
        "@babel/highlight": {
          "version": "7.0.0-beta.44",
          "bundled": true,
          "requires": {
            "chalk": "2.3.2",
            "esutils": "2.0.2",
            "js-tokens": "3.0.2"
          }
        },
        "@babel/template": {
          "version": "7.0.0-beta.44",
          "bundled": true,
          "requires": {
            "@babel/code-frame": "7.0.0-beta.44",
            "@babel/types": "7.0.0-beta.44",
            "babylon": "7.0.0-beta.44",
            "lodash": "4.17.5"
          }
        },
        "@babel/traverse": {
          "version": "7.0.0-beta.44",
          "bundled": true,
          "requires": {
            "@babel/code-frame": "7.0.0-beta.44",
            "@babel/generator": "7.0.0-beta.44",
            "@babel/helper-function-name": "7.0.0-beta.44",
            "@babel/helper-split-export-declaration": "7.0.0-beta.44",
            "@babel/types": "7.0.0-beta.44",
            "babylon": "7.0.0-beta.44",
            "debug": "3.1.0",
            "globals": "11.4.0",
            "invariant": "2.2.4",
            "lodash": "4.17.5"
          }
        },
        "@babel/types": {
          "version": "7.0.0-beta.44",
          "bundled": true,
          "requires": {
            "esutils": "2.0.2",
            "lodash": "4.17.5",
            "to-fast-properties": "2.0.0"
          }
        },
        "ansi-styles": {
          "version": "3.2.1",
          "bundled": true,
          "requires": {
            "color-convert": "1.9.1"
          }
        },
        "babylon": {
          "version": "7.0.0-beta.44",
          "bundled": true
        },
        "chalk": {
          "version": "2.3.2",
          "bundled": true,
          "requires": {
            "ansi-styles": "3.2.1",
            "escape-string-regexp": "1.0.5",
            "supports-color": "5.3.0"
          }
        },
        "color-convert": {
          "version": "1.9.1",
          "bundled": true,
          "requires": {
            "color-name": "1.1.3"
          }
        },
        "color-name": {
          "version": "1.1.3",
          "bundled": true
        },
        "debug": {
          "version": "3.1.0",
          "bundled": true,
          "requires": {
            "ms": "2.0.0"
          }
        },
        "escape-string-regexp": {
          "version": "1.0.5",
          "bundled": true
        },
        "eslint-scope": {
          "version": "3.7.1",
          "bundled": true,
          "requires": {
            "esrecurse": "4.2.1",
            "estraverse": "4.2.0"
          }
        },
        "eslint-visitor-keys": {
          "version": "1.0.0",
          "bundled": true
        },
        "esrecurse": {
          "version": "4.2.1",
          "bundled": true,
          "requires": {
            "estraverse": "4.2.0"
          }
        },
        "estraverse": {
          "version": "4.2.0",
          "bundled": true
        },
        "esutils": {
          "version": "2.0.2",
          "bundled": true
        },
        "globals": {
          "version": "11.4.0",
          "bundled": true
        },
        "has-flag": {
          "version": "3.0.0",
          "bundled": true
        },
        "invariant": {
          "version": "2.2.4",
          "bundled": true,
          "requires": {
            "loose-envify": "1.3.1"
          }
        },
        "js-tokens": {
          "version": "3.0.2",
          "bundled": true
        },
        "jsesc": {
          "version": "2.5.1",
          "bundled": true
        },
        "lodash": {
          "version": "4.17.5",
          "bundled": true
        },
        "loose-envify": {
          "version": "1.3.1",
          "bundled": true,
          "requires": {
            "js-tokens": "3.0.2"
          }
        },
        "ms": {
          "version": "2.0.0",
          "bundled": true
        },
        "source-map": {
          "version": "0.5.7",
          "bundled": true
        },
        "supports-color": {
          "version": "5.3.0",
          "bundled": true,
          "requires": {
            "has-flag": "3.0.0"
          }
        },
        "to-fast-properties": {
          "version": "2.0.0",
          "bundled": true
        },
        "trim-right": {
          "version": "1.0.1",
          "bundled": true
        }
      }
    },
    "brcast": {
      "version": "3.0.1",
      "resolved": "https://registry.npmjs.org/brcast/-/brcast-3.0.1.tgz",
      "integrity": "sha512-eI3yqf9YEqyGl9PCNTR46MGvDylGtaHjalcz6Q3fAPnP/PhpKkkve52vFdfGpwp4VUvK6LUr4TQN+2stCrEwTg=="
    },
    "chain-function": {
      "version": "1.0.0",
      "resolved": "https://registry.npmjs.org/chain-function/-/chain-function-1.0.0.tgz",
      "integrity": "sha1-DUqzfn4Y6tC9xHuSB2QRjOWHM9w="
    },
    "classnames": {
      "version": "2.2.5",
      "resolved": "https://registry.npmjs.org/classnames/-/classnames-2.2.5.tgz",
      "integrity": "sha1-+zgB1FNGdknvNgPH1hoCvRKb3m0="
    },
    "core-js": {
      "version": "1.2.7",
      "resolved": "https://registry.npmjs.org/core-js/-/core-js-1.2.7.tgz",
      "integrity": "sha1-ZSKUwUZR2yj6k70tX/KYOk8IxjY="
    },
    "css-vendor": {
      "version": "0.3.8",
      "resolved": "https://registry.npmjs.org/css-vendor/-/css-vendor-0.3.8.tgz",
      "integrity": "sha1-ZCHP0wNM5mT+dnOXL9ARn8KJQfo=",
      "requires": {
        "is-in-browser": "1.1.3"
      }
    },
    "dom-helpers": {
      "version": "3.3.1",
      "resolved": "https://registry.npmjs.org/dom-helpers/-/dom-helpers-3.3.1.tgz",
      "integrity": "sha512-2Sm+JaYn74OiTM2wHvxJOo3roiq/h25Yi69Fqk269cNUwIXsCvATB6CRSFC9Am/20G2b28hGv/+7NiWydIrPvg=="
    },
    "encoding": {
      "version": "0.1.12",
      "resolved": "https://registry.npmjs.org/encoding/-/encoding-0.1.12.tgz",
      "integrity": "sha1-U4tm8+5izRq1HsMjgp0flIDHS+s=",
      "requires": {
        "iconv-lite": "0.4.21"
      }
    },
    "eslint": {
      "version": "4.19.1",
      "resolved": "https://registry.npmjs.org/eslint/-/eslint-4.19.1.tgz",
      "integrity": "sha512-bT3/1x1EbZB7phzYu7vCr1v3ONuzDtX8WjuM9c0iYxe+cq+pwcKEoQjl7zd3RpC6YOLgnSy3cTN58M2jcoPDIQ==",
      "requires": {
        "ajv": "5.5.2",
        "babel-code-frame": "6.26.0",
        "chalk": "2.3.2",
        "concat-stream": "1.6.2",
        "cross-spawn": "5.1.0",
        "debug": "3.1.0",
        "doctrine": "2.1.0",
        "eslint-scope": "3.7.1",
        "eslint-visitor-keys": "1.0.0",
        "espree": "3.5.4",
        "esquery": "1.0.1",
        "esutils": "2.0.2",
        "file-entry-cache": "2.0.0",
        "functional-red-black-tree": "1.0.1",
        "glob": "7.1.2",
        "globals": "11.4.0",
        "ignore": "3.3.7",
        "imurmurhash": "0.1.4",
        "inquirer": "3.3.0",
        "is-resolvable": "1.1.0",
        "js-yaml": "3.11.0",
        "json-stable-stringify-without-jsonify": "1.0.1",
        "levn": "0.3.0",
        "lodash": "4.17.5",
        "minimatch": "3.0.4",
        "mkdirp": "0.5.1",
        "natural-compare": "1.4.0",
        "optionator": "0.8.2",
        "path-is-inside": "1.0.2",
        "pluralize": "7.0.0",
        "progress": "2.0.0",
        "regexpp": "1.1.0",
        "require-uncached": "1.0.3",
        "semver": "5.5.0",
        "strip-ansi": "4.0.0",
        "strip-json-comments": "2.0.1",
        "table": "4.0.2",
        "text-table": "0.2.0"
      },
      "dependencies": {
        "acorn": {
          "version": "5.5.3",
          "bundled": true
        },
        "acorn-jsx": {
          "version": "3.0.1",
          "bundled": true,
          "requires": {
            "acorn": "3.3.0"
          },
          "dependencies": {
            "acorn": {
              "version": "3.3.0",
              "resolved": "https://registry.npmjs.org/acorn/-/acorn-3.3.0.tgz",
              "integrity": "sha1-ReN/s56No/JbruP/U2niu18iAXo="
            }
          }
        },
        "ajv": {
          "version": "5.5.2",
          "bundled": true,
          "requires": {
            "co": "4.6.0",
            "fast-deep-equal": "1.1.0",
            "fast-json-stable-stringify": "2.0.0",
            "json-schema-traverse": "0.3.1"
          }
        },
        "ajv-keywords": {
          "version": "2.1.1",
          "bundled": true
        },
        "ansi-escapes": {
          "version": "3.1.0",
          "bundled": true
        },
        "ansi-regex": {
          "version": "2.1.1",
          "bundled": true
        },
        "ansi-styles": {
          "version": "2.2.1",
          "bundled": true
        },
        "argparse": {
          "version": "1.0.10",
          "bundled": true,
          "requires": {
            "sprintf-js": "1.0.3"
          }
        },
        "array-union": {
          "version": "1.0.2",
          "bundled": true,
          "requires": {
            "array-uniq": "1.0.3"
          }
        },
        "array-uniq": {
          "version": "1.0.3",
          "bundled": true
        },
        "arrify": {
          "version": "1.0.1",
          "bundled": true
        },
        "babel-code-frame": {
          "version": "6.26.0",
          "bundled": true,
          "requires": {
            "chalk": "1.1.3",
            "esutils": "2.0.2",
            "js-tokens": "3.0.2"
          },
          "dependencies": {
            "chalk": {
              "version": "1.1.3",
              "resolved": "https://registry.npmjs.org/chalk/-/chalk-1.1.3.tgz",
              "integrity": "sha1-qBFcVeSnAv5NFQq9OHKCKn4J/Jg=",
              "requires": {
                "ansi-styles": "2.2.1",
                "escape-string-regexp": "1.0.5",
                "has-ansi": "2.0.0",
                "strip-ansi": "3.0.1",
                "supports-color": "2.0.0"
              }
            },
            "strip-ansi": {
              "version": "3.0.1",
              "resolved": "https://registry.npmjs.org/strip-ansi/-/strip-ansi-3.0.1.tgz",
              "integrity": "sha1-ajhfuIU9lS1f8F0Oiq+UJ43GPc8=",
              "requires": {
                "ansi-regex": "2.1.1"
              }
            }
          }
        },
        "balanced-match": {
          "version": "1.0.0",
          "bundled": true
        },
        "brace-expansion": {
          "version": "1.1.11",
          "bundled": true,
          "requires": {
            "balanced-match": "1.0.0",
            "concat-map": "0.0.1"
          }
        },
        "buffer-from": {
          "version": "1.0.0",
          "bundled": true
        },
        "caller-path": {
          "version": "0.1.0",
          "bundled": true,
          "requires": {
            "callsites": "0.2.0"
          }
        },
        "callsites": {
          "version": "0.2.0",
          "bundled": true
        },
        "chalk": {
          "version": "2.3.2",
          "bundled": true,
          "requires": {
            "ansi-styles": "3.2.1",
            "escape-string-regexp": "1.0.5",
            "supports-color": "5.3.0"
          },
          "dependencies": {
            "ansi-styles": {
              "version": "3.2.1",
              "resolved": "https://registry.npmjs.org/ansi-styles/-/ansi-styles-3.2.1.tgz",
              "integrity": "sha512-VT0ZI6kZRdTh8YyJw3SMbYm/u+NqfsAxEpWO0Pf9sq8/e94WxxOpPKx9FR1FlyCtOVDNOQ+8ntlqFxiRc+r5qA==",
              "requires": {
                "color-convert": "1.9.1"
              }
            },
            "supports-color": {
              "version": "5.3.0",
              "resolved": "https://registry.npmjs.org/supports-color/-/supports-color-5.3.0.tgz",
              "integrity": "sha512-0aP01LLIskjKs3lq52EC0aGBAJhLq7B2Rd8HC/DR/PtNNpcLilNmHC12O+hu0usQpo7wtHNRqtrhBwtDb0+dNg==",
              "requires": {
                "has-flag": "3.0.0"
              }
            }
          }
        },
        "chardet": {
          "version": "0.4.2",
          "bundled": true
        },
        "circular-json": {
          "version": "0.3.3",
          "bundled": true
        },
        "cli-cursor": {
          "version": "2.1.0",
          "bundled": true,
          "requires": {
            "restore-cursor": "2.0.0"
          }
        },
        "cli-width": {
          "version": "2.2.0",
          "bundled": true
        },
        "co": {
          "version": "4.6.0",
          "bundled": true
        },
        "color-convert": {
          "version": "1.9.1",
          "bundled": true,
          "requires": {
            "color-name": "1.1.3"
          }
        },
        "color-name": {
          "version": "1.1.3",
          "bundled": true
        },
        "concat-map": {
          "version": "0.0.1",
          "bundled": true
        },
        "concat-stream": {
          "version": "1.6.2",
          "bundled": true,
          "requires": {
            "buffer-from": "1.0.0",
            "inherits": "2.0.3",
            "readable-stream": "2.3.6",
            "typedarray": "0.0.6"
          }
        },
        "core-util-is": {
          "version": "1.0.2",
          "bundled": true
        },
        "cross-spawn": {
          "version": "5.1.0",
          "bundled": true,
          "requires": {
            "lru-cache": "4.1.2",
            "shebang-command": "1.2.0",
            "which": "1.3.0"
          }
        },
        "debug": {
          "version": "3.1.0",
          "bundled": true,
          "requires": {
            "ms": "2.0.0"
          }
        },
        "deep-is": {
          "version": "0.1.3",
          "bundled": true
        },
        "del": {
          "version": "2.2.2",
          "bundled": true,
          "requires": {
            "globby": "5.0.0",
            "is-path-cwd": "1.0.0",
            "is-path-in-cwd": "1.0.1",
            "object-assign": "4.1.1",
            "pify": "2.3.0",
            "pinkie-promise": "2.0.1",
            "rimraf": "2.6.2"
          }
        },
        "doctrine": {
          "version": "2.1.0",
          "bundled": true,
          "requires": {
            "esutils": "2.0.2"
          }
        },
        "escape-string-regexp": {
          "version": "1.0.5",
          "bundled": true
        },
        "eslint-scope": {
          "version": "3.7.1",
          "bundled": true,
          "requires": {
            "esrecurse": "4.2.1",
            "estraverse": "4.2.0"
          }
        },
        "eslint-visitor-keys": {
          "version": "1.0.0",
          "bundled": true
        },
        "espree": {
          "version": "3.5.4",
          "bundled": true,
          "requires": {
            "acorn": "5.5.3",
            "acorn-jsx": "3.0.1"
          }
        },
        "esprima": {
          "version": "4.0.0",
          "bundled": true
        },
        "esquery": {
          "version": "1.0.1",
          "bundled": true,
          "requires": {
            "estraverse": "4.2.0"
          }
        },
        "esrecurse": {
          "version": "4.2.1",
          "bundled": true,
          "requires": {
            "estraverse": "4.2.0"
          }
        },
        "estraverse": {
          "version": "4.2.0",
          "bundled": true
        },
        "esutils": {
          "version": "2.0.2",
          "bundled": true
        },
        "external-editor": {
          "version": "2.2.0",
          "bundled": true,
          "requires": {
            "chardet": "0.4.2",
            "iconv-lite": "0.4.21",
            "tmp": "0.0.33"
          }
        },
        "fast-deep-equal": {
          "version": "1.1.0",
          "bundled": true
        },
        "fast-json-stable-stringify": {
          "version": "2.0.0",
          "bundled": true
        },
        "fast-levenshtein": {
          "version": "2.0.6",
          "bundled": true
        },
        "figures": {
          "version": "2.0.0",
          "bundled": true,
          "requires": {
            "escape-string-regexp": "1.0.5"
          }
        },
        "file-entry-cache": {
          "version": "2.0.0",
          "bundled": true,
          "requires": {
            "flat-cache": "1.3.0",
            "object-assign": "4.1.1"
          }
        },
        "flat-cache": {
          "version": "1.3.0",
          "bundled": true,
          "requires": {
            "circular-json": "0.3.3",
            "del": "2.2.2",
            "graceful-fs": "4.1.11",
            "write": "0.2.1"
          }
        },
        "fs.realpath": {
          "version": "1.0.0",
          "bundled": true
        },
        "functional-red-black-tree": {
          "version": "1.0.1",
          "bundled": true
        },
        "glob": {
          "version": "7.1.2",
          "bundled": true,
          "requires": {
            "fs.realpath": "1.0.0",
            "inflight": "1.0.6",
            "inherits": "2.0.3",
            "minimatch": "3.0.4",
            "once": "1.4.0",
            "path-is-absolute": "1.0.1"
          }
        },
        "globals": {
          "version": "11.4.0",
          "bundled": true
        },
        "globby": {
          "version": "5.0.0",
          "bundled": true,
          "requires": {
            "array-union": "1.0.2",
            "arrify": "1.0.1",
            "glob": "7.1.2",
            "object-assign": "4.1.1",
            "pify": "2.3.0",
            "pinkie-promise": "2.0.1"
          }
        },
        "graceful-fs": {
          "version": "4.1.11",
          "bundled": true
        },
        "has-ansi": {
          "version": "2.0.0",
          "bundled": true,
          "requires": {
            "ansi-regex": "2.1.1"
          }
        },
        "has-flag": {
          "version": "3.0.0",
          "bundled": true
        },
        "iconv-lite": {
          "version": "0.4.21",
          "bundled": true,
          "requires": {
            "safer-buffer": "2.1.2"
          }
        },
        "ignore": {
          "version": "3.3.7",
          "bundled": true
        },
        "imurmurhash": {
          "version": "0.1.4",
          "bundled": true
        },
        "inflight": {
          "version": "1.0.6",
          "bundled": true,
          "requires": {
            "once": "1.4.0",
            "wrappy": "1.0.2"
          }
        },
        "inherits": {
          "version": "2.0.3",
          "bundled": true
        },
        "inquirer": {
          "version": "3.3.0",
          "bundled": true,
          "requires": {
            "ansi-escapes": "3.1.0",
            "chalk": "2.3.2",
            "cli-cursor": "2.1.0",
            "cli-width": "2.2.0",
            "external-editor": "2.2.0",
            "figures": "2.0.0",
            "lodash": "4.17.5",
            "mute-stream": "0.0.7",
            "run-async": "2.3.0",
            "rx-lite": "4.0.8",
            "rx-lite-aggregates": "4.0.8",
            "string-width": "2.1.1",
            "strip-ansi": "4.0.0",
            "through": "2.3.8"
          }
        },
        "is-fullwidth-code-point": {
          "version": "2.0.0",
          "bundled": true
        },
        "is-path-cwd": {
          "version": "1.0.0",
          "bundled": true
        },
        "is-path-in-cwd": {
          "version": "1.0.1",
          "bundled": true,
          "requires": {
            "is-path-inside": "1.0.1"
          }
        },
        "is-path-inside": {
          "version": "1.0.1",
          "bundled": true,
          "requires": {
            "path-is-inside": "1.0.2"
          }
        },
        "is-promise": {
          "version": "2.1.0",
          "bundled": true
        },
        "is-resolvable": {
          "version": "1.1.0",
          "bundled": true
        },
        "isarray": {
          "version": "1.0.0",
          "bundled": true
        },
        "isexe": {
          "version": "2.0.0",
          "bundled": true
        },
        "js-tokens": {
          "version": "3.0.2",
          "bundled": true
        },
        "js-yaml": {
          "version": "3.11.0",
          "bundled": true,
          "requires": {
            "argparse": "1.0.10",
            "esprima": "4.0.0"
          }
        },
        "json-schema-traverse": {
          "version": "0.3.1",
          "bundled": true
        },
        "json-stable-stringify-without-jsonify": {
          "version": "1.0.1",
          "bundled": true
        },
        "levn": {
          "version": "0.3.0",
          "bundled": true,
          "requires": {
            "prelude-ls": "1.1.2",
            "type-check": "0.3.2"
          }
        },
        "lodash": {
          "version": "4.17.5",
          "bundled": true
        },
        "lru-cache": {
          "version": "4.1.2",
          "bundled": true,
          "requires": {
            "pseudomap": "1.0.2",
            "yallist": "2.1.2"
          }
        },
        "mimic-fn": {
          "version": "1.2.0",
          "bundled": true
        },
        "minimatch": {
          "version": "3.0.4",
          "bundled": true,
          "requires": {
            "brace-expansion": "1.1.11"
          }
        },
        "minimist": {
          "version": "0.0.8",
          "bundled": true
        },
        "mkdirp": {
          "version": "0.5.1",
          "bundled": true,
          "requires": {
            "minimist": "0.0.8"
          }
        },
        "ms": {
          "version": "2.0.0",
          "bundled": true
        },
        "mute-stream": {
          "version": "0.0.7",
          "bundled": true
        },
        "natural-compare": {
          "version": "1.4.0",
          "bundled": true
        },
        "object-assign": {
          "version": "4.1.1",
          "bundled": true
        },
        "once": {
          "version": "1.4.0",
          "bundled": true,
          "requires": {
            "wrappy": "1.0.2"
          }
        },
        "onetime": {
          "version": "2.0.1",
          "bundled": true,
          "requires": {
            "mimic-fn": "1.2.0"
          }
        },
        "optionator": {
          "version": "0.8.2",
          "bundled": true,
          "requires": {
            "deep-is": "0.1.3",
            "fast-levenshtein": "2.0.6",
            "levn": "0.3.0",
            "prelude-ls": "1.1.2",
            "type-check": "0.3.2",
            "wordwrap": "1.0.0"
          }
        },
        "os-tmpdir": {
          "version": "1.0.2",
          "bundled": true
        },
        "path-is-absolute": {
          "version": "1.0.1",
          "bundled": true
        },
        "path-is-inside": {
          "version": "1.0.2",
          "bundled": true
        },
        "pify": {
          "version": "2.3.0",
          "bundled": true
        },
        "pinkie": {
          "version": "2.0.4",
          "bundled": true
        },
        "pinkie-promise": {
          "version": "2.0.1",
          "bundled": true,
          "requires": {
            "pinkie": "2.0.4"
          }
        },
        "pluralize": {
          "version": "7.0.0",
          "bundled": true
        },
        "prelude-ls": {
          "version": "1.1.2",
          "bundled": true
        },
        "process-nextick-args": {
          "version": "2.0.0",
          "bundled": true
        },
        "progress": {
          "version": "2.0.0",
          "bundled": true
        },
        "pseudomap": {
          "version": "1.0.2",
          "bundled": true
        },
        "readable-stream": {
          "version": "2.3.6",
          "bundled": true,
          "requires": {
            "core-util-is": "1.0.2",
            "inherits": "2.0.3",
            "isarray": "1.0.0",
            "process-nextick-args": "2.0.0",
            "safe-buffer": "5.1.1",
            "string_decoder": "1.1.1",
            "util-deprecate": "1.0.2"
          }
        },
        "regexpp": {
          "version": "1.1.0",
          "bundled": true
        },
        "require-uncached": {
          "version": "1.0.3",
          "bundled": true,
          "requires": {
            "caller-path": "0.1.0",
            "resolve-from": "1.0.1"
          }
        },
        "resolve-from": {
          "version": "1.0.1",
          "bundled": true
        },
        "restore-cursor": {
          "version": "2.0.0",
          "bundled": true,
          "requires": {
            "onetime": "2.0.1",
            "signal-exit": "3.0.2"
          }
        },
        "rimraf": {
          "version": "2.6.2",
          "bundled": true,
          "requires": {
            "glob": "7.1.2"
          }
        },
        "run-async": {
          "version": "2.3.0",
          "bundled": true,
          "requires": {
            "is-promise": "2.1.0"
          }
        },
        "rx-lite": {
          "version": "4.0.8",
          "bundled": true
        },
        "rx-lite-aggregates": {
          "version": "4.0.8",
          "bundled": true,
          "requires": {
            "rx-lite": "4.0.8"
          }
        },
        "safe-buffer": {
          "version": "5.1.1",
          "bundled": true
        },
        "safer-buffer": {
          "version": "2.1.2",
          "bundled": true
        },
        "semver": {
          "version": "5.5.0",
          "bundled": true
        },
        "shebang-command": {
          "version": "1.2.0",
          "bundled": true,
          "requires": {
            "shebang-regex": "1.0.0"
          }
        },
        "shebang-regex": {
          "version": "1.0.0",
          "bundled": true
        },
        "signal-exit": {
          "version": "3.0.2",
          "bundled": true
        },
        "slice-ansi": {
          "version": "1.0.0",
          "bundled": true,
          "requires": {
            "is-fullwidth-code-point": "2.0.0"
          }
        },
        "sprintf-js": {
          "version": "1.0.3",
          "bundled": true
        },
        "string-width": {
          "version": "2.1.1",
          "bundled": true,
          "requires": {
            "is-fullwidth-code-point": "2.0.0",
            "strip-ansi": "4.0.0"
          }
        },
        "string_decoder": {
          "version": "1.1.1",
          "bundled": true,
          "requires": {
            "safe-buffer": "5.1.1"
          }
        },
        "strip-ansi": {
          "version": "4.0.0",
          "bundled": true,
          "requires": {
            "ansi-regex": "3.0.0"
          },
          "dependencies": {
            "ansi-regex": {
              "version": "3.0.0",
              "resolved": "https://registry.npmjs.org/ansi-regex/-/ansi-regex-3.0.0.tgz",
              "integrity": "sha1-7QMXwyIGT3lGbAKWa922Bas32Zg="
            }
          }
        },
        "strip-json-comments": {
          "version": "2.0.1",
          "bundled": true
        },
        "supports-color": {
          "version": "2.0.0",
          "bundled": true
        },
        "table": {
          "version": "4.0.2",
          "bundled": true,
          "requires": {
            "ajv": "5.5.2",
            "ajv-keywords": "2.1.1",
            "chalk": "2.3.2",
            "lodash": "4.17.5",
            "slice-ansi": "1.0.0",
            "string-width": "2.1.1"
          }
        },
        "text-table": {
          "version": "0.2.0",
          "bundled": true
        },
        "through": {
          "version": "2.3.8",
          "bundled": true
        },
        "tmp": {
          "version": "0.0.33",
          "bundled": true,
          "requires": {
            "os-tmpdir": "1.0.2"
          }
        },
        "type-check": {
          "version": "0.3.2",
          "bundled": true,
          "requires": {
            "prelude-ls": "1.1.2"
          }
        },
        "typedarray": {
          "version": "0.0.6",
          "bundled": true
        },
        "util-deprecate": {
          "version": "1.0.2",
          "bundled": true
        },
        "which": {
          "version": "1.3.0",
          "bundled": true,
          "requires": {
            "isexe": "2.0.0"
          }
        },
        "wordwrap": {
          "version": "1.0.0",
          "bundled": true
        },
        "wrappy": {
          "version": "1.0.2",
          "bundled": true
        },
        "write": {
          "version": "0.2.1",
          "bundled": true,
          "requires": {
            "mkdirp": "0.5.1"
          }
        },
        "yallist": {
          "version": "2.1.2",
          "bundled": true
        }
      }
    },
    "fbjs": {
      "version": "0.8.16",
      "resolved": "https://registry.npmjs.org/fbjs/-/fbjs-0.8.16.tgz",
      "integrity": "sha1-XmdDL1UNxBtXK/VYR7ispk5TN9s=",
      "requires": {
        "core-js": "1.2.7",
        "isomorphic-fetch": "2.2.1",
        "loose-envify": "1.3.1",
        "object-assign": "4.1.1",
        "promise": "7.3.1",
        "setimmediate": "1.0.5",
        "ua-parser-js": "0.7.17"
      }
    },
    "hoist-non-react-statics": {
      "version": "2.5.0",
      "resolved": "https://registry.npmjs.org/hoist-non-react-statics/-/hoist-non-react-statics-2.5.0.tgz",
      "integrity": "sha512-6Bl6XsDT1ntE0lHbIhr4Kp2PGcleGZ66qu5Jqk8lc0Xc/IeG6gVLmwUGs/K0Us+L8VWoKgj0uWdPMataOsm31w=="
    },
    "hyphenate-style-name": {
      "version": "1.0.2",
      "resolved": "https://registry.npmjs.org/hyphenate-style-name/-/hyphenate-style-name-1.0.2.tgz",
      "integrity": "sha1-MRYKNpMK2vH8BMYHT360FGXU7Es="
    },
    "iconv-lite": {
      "version": "0.4.21",
      "resolved": "https://registry.npmjs.org/iconv-lite/-/iconv-lite-0.4.21.tgz",
      "integrity": "sha512-En5V9za5mBt2oUA03WGD3TwDv0MKAruqsuxstbMUZaj9W9k/m1CV/9py3l0L5kw9Bln8fdHQmzHSYtvpvTLpKw==",
      "requires": {
        "safer-buffer": "2.1.2"
      }
    },
    "is-function": {
      "version": "1.0.1",
      "resolved": "https://registry.npmjs.org/is-function/-/is-function-1.0.1.tgz",
      "integrity": "sha1-Es+5i2W1fdPRk6MSH19uL0N2ArU="
    },
    "is-in-browser": {
      "version": "1.1.3",
      "resolved": "https://registry.npmjs.org/is-in-browser/-/is-in-browser-1.1.3.tgz",
      "integrity": "sha1-Vv9NtoOgeMYILrldrX3GLh0E+DU="
    },
    "is-plain-object": {
      "version": "2.0.4",
      "resolved": "https://registry.npmjs.org/is-plain-object/-/is-plain-object-2.0.4.tgz",
      "integrity": "sha512-h5PpgXkWitc38BBMYawTYMWJHFZJVnBquFE57xFpjB8pJFiF6gZ+bU+WyI/yqXiFR5mdLsgYNaPe8uao6Uv9Og==",
      "requires": {
        "isobject": "3.0.1"
      }
    },
    "is-stream": {
      "version": "1.1.0",
      "resolved": "https://registry.npmjs.org/is-stream/-/is-stream-1.1.0.tgz",
      "integrity": "sha1-EtSj3U5o4Lec6428hBc66A2RykQ="
    },
    "isobject": {
      "version": "3.0.1",
      "resolved": "https://registry.npmjs.org/isobject/-/isobject-3.0.1.tgz",
      "integrity": "sha1-TkMekrEalzFjaqH5yNHMvP2reN8="
    },
    "isomorphic-fetch": {
      "version": "2.2.1",
      "resolved": "https://registry.npmjs.org/isomorphic-fetch/-/isomorphic-fetch-2.2.1.tgz",
      "integrity": "sha1-YRrhrPFPXoH3KVB0coGf6XM1WKk=",
      "requires": {
        "node-fetch": "1.7.3",
        "whatwg-fetch": "2.0.4"
      }
    },
    "js-tokens": {
      "version": "3.0.2",
      "resolved": "https://registry.npmjs.org/js-tokens/-/js-tokens-3.0.2.tgz",
      "integrity": "sha1-mGbfOVECEw449/mWvOtlRDIJwls="
    },
    "jss": {
      "version": "9.8.1",
      "resolved": "https://registry.npmjs.org/jss/-/jss-9.8.1.tgz",
      "integrity": "sha512-a9dXInEPTRmdSmzw3LNhbAwdQVZgCRmFU7dFzrpLTMAcdolHXNamhxQ6J+PNIqUtWa9yRbZIzWX6aUlI55LZ/A==",
      "requires": {
        "is-in-browser": "1.1.3",
        "symbol-observable": "1.2.0",
        "warning": "3.0.0"
      }
    },
    "jss-camel-case": {
      "version": "6.1.0",
      "resolved": "https://registry.npmjs.org/jss-camel-case/-/jss-camel-case-6.1.0.tgz",
      "integrity": "sha512-HPF2Q7wmNW1t79mCqSeU2vdd/vFFGpkazwvfHMOhPlMgXrJDzdj9viA2SaHk9ZbD5pfL63a8ylp4++irYbbzMQ==",
      "requires": {
        "hyphenate-style-name": "1.0.2"
      }
    },
    "jss-compose": {
      "version": "5.0.0",
      "resolved": "https://registry.npmjs.org/jss-compose/-/jss-compose-5.0.0.tgz",
      "integrity": "sha512-YofRYuiA0+VbeOw0VjgkyO380sA4+TWDrW52nSluD9n+1FWOlDzNbgpZ/Sb3Y46+DcAbOS21W5jo6SAqUEiuwA==",
      "requires": {
        "warning": "3.0.0"
      }
    },
    "jss-default-unit": {
      "version": "8.0.2",
      "resolved": "https://registry.npmjs.org/jss-default-unit/-/jss-default-unit-8.0.2.tgz",
      "integrity": "sha512-WxNHrF/18CdoAGw2H0FqOEvJdREXVXLazn7PQYU7V6/BWkCV0GkmWsppNiExdw8dP4TU1ma1dT9zBNJ95feLmg=="
    },
    "jss-expand": {
      "version": "5.1.0",
      "resolved": "https://registry.npmjs.org/jss-expand/-/jss-expand-5.1.0.tgz",
      "integrity": "sha512-WTxmNipgj0V8kr8gc8Gc6Et7uQZH60H7FFNG9zZHjR6TPJoj7TDK+/EBxwRHtCRQD4B8RTwoa7MyEKD4ReKfXw=="
    },
    "jss-extend": {
      "version": "6.2.0",
      "resolved": "https://registry.npmjs.org/jss-extend/-/jss-extend-6.2.0.tgz",
      "integrity": "sha512-YszrmcB6o9HOsKPszK7NeDBNNjVyiW864jfoiHoMlgMIg2qlxKw70axZHqgczXHDcoyi/0/ikP1XaHDPRvYtEA==",
      "requires": {
        "warning": "3.0.0"
      }
    },
    "jss-global": {
      "version": "3.0.0",
      "resolved": "https://registry.npmjs.org/jss-global/-/jss-global-3.0.0.tgz",
      "integrity": "sha512-wxYn7vL+TImyQYGAfdplg7yaxnPQ9RaXY/cIA8hawaVnmmWxDHzBK32u1y+RAvWboa3lW83ya3nVZ/C+jyjZ5Q=="
    },
    "jss-nested": {
      "version": "6.0.1",
      "resolved": "https://registry.npmjs.org/jss-nested/-/jss-nested-6.0.1.tgz",
      "integrity": "sha512-rn964TralHOZxoyEgeq3hXY8hyuCElnvQoVrQwKHVmu55VRDd6IqExAx9be5HgK0yN/+hQdgAXQl/GUrBbbSTA==",
      "requires": {
        "warning": "3.0.0"
      }
    },
    "jss-preset-default": {
      "version": "4.3.0",
      "resolved": "https://registry.npmjs.org/jss-preset-default/-/jss-preset-default-4.3.0.tgz",
      "integrity": "sha512-3VqMmR07OkiGyVPHfke/sjR33kSyRVjIE/3+bGgJ9Pp1jMIAPIDDY3h3wfEwa97DFV25SncTrNjjIgBFVCb4BA==",
      "requires": {
        "jss-camel-case": "6.1.0",
        "jss-compose": "5.0.0",
        "jss-default-unit": "8.0.2",
        "jss-expand": "5.1.0",
        "jss-extend": "6.2.0",
        "jss-global": "3.0.0",
        "jss-nested": "6.0.1",
        "jss-props-sort": "6.0.0",
        "jss-template": "1.0.1",
        "jss-vendor-prefixer": "7.0.0"
      }
    },
    "jss-props-sort": {
      "version": "6.0.0",
      "resolved": "https://registry.npmjs.org/jss-props-sort/-/jss-props-sort-6.0.0.tgz",
      "integrity": "sha512-E89UDcrphmI0LzmvYk25Hp4aE5ZBsXqMWlkFXS0EtPkunJkRr+WXdCNYbXbksIPnKlBenGB9OxzQY+mVc70S+g=="
    },
    "jss-template": {
      "version": "1.0.1",
      "resolved": "https://registry.npmjs.org/jss-template/-/jss-template-1.0.1.tgz",
      "integrity": "sha512-m5BqEWha17fmIVXm1z8xbJhY6GFJxNB9H68GVnCWPyGYfxiAgY9WTQyvDAVj+pYRgrXSOfN5V1T4+SzN1sJTeg==",
      "requires": {
        "warning": "3.0.0"
      }
    },
    "jss-vendor-prefixer": {
      "version": "7.0.0",
      "resolved": "https://registry.npmjs.org/jss-vendor-prefixer/-/jss-vendor-prefixer-7.0.0.tgz",
      "integrity": "sha512-Agd+FKmvsI0HLcYXkvy8GYOw3AAASBUpsmIRvVQheps+JWaN892uFOInTr0DRydwaD91vSSUCU4NssschvF7MA==",
      "requires": {
        "css-vendor": "0.3.8"
      }
    },
    "loose-envify": {
      "version": "1.3.1",
      "resolved": "https://registry.npmjs.org/loose-envify/-/loose-envify-1.3.1.tgz",
      "integrity": "sha1-0aitM/qc4OcT1l/dCsi3SNR4yEg=",
      "requires": {
        "js-tokens": "3.0.2"
      }
    },
    "no-scroll": {
      "version": "2.1.0",
      "resolved": "https://registry.npmjs.org/no-scroll/-/no-scroll-2.1.0.tgz",
      "integrity": "sha1-+GQ7PdtqO/lEMOX/MdJvIdCCppU="
    },
    "node-fetch": {
      "version": "1.7.3",
      "resolved": "https://registry.npmjs.org/node-fetch/-/node-fetch-1.7.3.tgz",
      "integrity": "sha512-NhZ4CsKx7cYm2vSrBAr2PvFOe6sWDf0UYLRqA6svUYg7+/TSfVAu49jYC4BvQ4Sms9SZgdqGBgroqfDhJdTyKQ==",
      "requires": {
        "encoding": "0.1.12",
        "is-stream": "1.1.0"
      }
    },
    "object-assign": {
      "version": "4.1.1",
      "resolved": "https://registry.npmjs.org/object-assign/-/object-assign-4.1.1.tgz",
      "integrity": "sha1-IQmtx5ZYh8/AXLvUQsrIv7s2CGM="
    },
    "promise": {
      "version": "7.3.1",
      "resolved": "https://registry.npmjs.org/promise/-/promise-7.3.1.tgz",
      "integrity": "sha512-nolQXZ/4L+bP/UGlkfaIujX9BKxGwmQ9OT4mOt5yvy8iK1h3wqTEJCijzGANTCCl9nWjY41juyAn2K3Q1hLLTg==",
      "requires": {
        "asap": "2.0.6"
      }
    },
    "prop-types": {
      "version": "15.6.1",
      "resolved": "https://registry.npmjs.org/prop-types/-/prop-types-15.6.1.tgz",
      "integrity": "sha512-4ec7bY1Y66LymSUOH/zARVYObB23AT2h8cf6e/O6ZALB/N0sqZFEx7rq6EYPX2MkOdKORuooI/H5k9TlR4q7kQ==",
      "requires": {
        "fbjs": "0.8.16",
        "loose-envify": "1.3.1",
        "object-assign": "4.1.1"
      }
    },
    "react-jss": {
      "version": "8.4.0",
      "resolved": "https://registry.npmjs.org/react-jss/-/react-jss-8.4.0.tgz",
      "integrity": "sha512-yIi4udcTIIh5u4KJ47wsL3UZYMuSrp5xR1YBvPeRNshpCdRoJxt5BWmCu1RA3LIa+//dnRsAtAQmMAYeg1W9oQ==",
      "requires": {
        "hoist-non-react-statics": "2.5.0",
        "jss": "9.8.1",
        "jss-preset-default": "4.3.0",
        "prop-types": "15.6.1",
        "theming": "1.3.0"
      }
    },
    "react-minimalist-portal": {
      "version": "2.1.1",
      "resolved": "https://registry.npmjs.org/react-minimalist-portal/-/react-minimalist-portal-2.1.1.tgz",
      "integrity": "sha512-GWt21V++QydysDYPQC38dzbaME6QKlBd7QkFV7d7tYD/U7C8YKEYcPXLwN07mezKk9EzTB+UrckO4VYsxmcL9A==",
      "requires": {
        "prop-types": "15.6.1"
      }
    },
    "react-responsive-modal": {
      "version": "2.0.1",
      "resolved": "https://registry.npmjs.org/react-responsive-modal/-/react-responsive-modal-2.0.1.tgz",
      "integrity": "sha512-tsbePbALzIUFOESbiUPDn6KvRy7jLBVTLwuRZ8UnfxC8/SU1fafRbxkmSQ2fXt6f+cJc2RGnIB+sBxc3bVebHw==",
      "requires": {
        "classnames": "2.2.5",
        "no-scroll": "2.1.0",
        "prop-types": "15.6.1",
        "react-jss": "8.4.0",
        "react-minimalist-portal": "2.1.1",
        "react-transition-group": "2.3.0"
      }
    },
    "react-transition-group": {
      "version": "2.3.0",
      "resolved": "https://registry.npmjs.org/react-transition-group/-/react-transition-group-2.3.0.tgz",
      "integrity": "sha512-OU3/swEL8y233u5ajTn3FIcQQ/b3XWjLXB6e2LnM1OK5JATtsyfJvPTZ8c/dawHNqjUltcdHRSpgMtPe7v07pw==",
      "requires": {
        "chain-function": "1.0.0",
        "dom-helpers": "3.3.1",
        "loose-envify": "1.3.1",
        "prop-types": "15.6.1",
        "warning": "3.0.0"
      }
    },
    "safer-buffer": {
      "version": "2.1.2",
      "resolved": "https://registry.npmjs.org/safer-buffer/-/safer-buffer-2.1.2.tgz",
      "integrity": "sha512-YZo3K82SD7Riyi0E1EQPojLz7kpepnSQI9IyPbHHg1XXXevb5dJI7tpyN2ADxGcQbHG7vcyRHk0cbwqcQriUtg=="
    },
    "setimmediate": {
      "version": "1.0.5",
      "resolved": "https://registry.npmjs.org/setimmediate/-/setimmediate-1.0.5.tgz",
      "integrity": "sha1-KQy7Iy4waULX1+qbg3Mqt4VvgoU="
    },
    "symbol-observable": {
      "version": "1.2.0",
      "resolved": "https://registry.npmjs.org/symbol-observable/-/symbol-observable-1.2.0.tgz",
      "integrity": "sha512-e900nM8RRtGhlV36KGEU9k65K3mPb1WV70OdjfxlG2EAuM1noi/E/BaW/uMhL7bPEssK8QV57vN3esixjUvcXQ=="
    },
    "theming": {
      "version": "1.3.0",
      "resolved": "https://registry.npmjs.org/theming/-/theming-1.3.0.tgz",
      "integrity": "sha512-ya5Ef7XDGbTPBv5ENTwrwkPUexrlPeiAg/EI9kdlUAZhNlRbCdhMKRgjNX1IcmsmiPcqDQZE6BpSaH+cr31FKw==",
      "requires": {
        "brcast": "3.0.1",
        "is-function": "1.0.1",
        "is-plain-object": "2.0.4",
        "prop-types": "15.6.1"
      }
    },
    "ua-parser-js": {
      "version": "0.7.17",
      "resolved": "https://registry.npmjs.org/ua-parser-js/-/ua-parser-js-0.7.17.tgz",
      "integrity": "sha512-uRdSdu1oA1rncCQL7sCj8vSyZkgtL7faaw9Tc9rZ3mGgraQ7+Pdx7w5mnOSF3gw9ZNG6oc+KXfkon3bKuROm0g=="
    },
    "vtex-tachyons": {
      "version": "2.4.0",
      "resolved": "https://registry.npmjs.org/vtex-tachyons/-/vtex-tachyons-2.4.0.tgz",
      "integrity": "sha512-NiCq6EapQHfBAZbJiFhJgCrGVM/DlSe0Xac6nBMQGmr8jPxvCO5A9p4fdSST73Q8yqqRfTiFnEZm7QIp4lQWwA=="
    },
    "warning": {
      "version": "3.0.0",
      "resolved": "https://registry.npmjs.org/warning/-/warning-3.0.0.tgz",
      "integrity": "sha1-MuU3fLVy3kqwR1O9+IIcAe1gW3w=",
      "requires": {
        "loose-envify": "1.3.1"
      }
    },
    "whatwg-fetch": {
      "version": "2.0.4",
      "resolved": "https://registry.npmjs.org/whatwg-fetch/-/whatwg-fetch-2.0.4.tgz",
      "integrity": "sha512-dcQ1GWpOD/eEQ97k66aiEVpNnapVj90/+R+SXTPYGHpYBBypfKJEQjLrvMZ7YXbKm21gXd4NcuxUTjiv1YtLng=="
    }
  }
}
