{
  "name": "vtex.render-getting-started",
  "version": "0.0.0",
  "lockfileVersion": 1,
  "requires": true,
  "dependencies": {
    "react-content-loader": {
      "version": "3.1.2",
      "resolved": "https://registry.npmjs.org/react-content-loader/-/react-content-loader-3.1.2.tgz",
      "integrity": "sha512-9Fv10F6rrzFDIT04aoRsw3dbN6l6onNXbBvCpt4OjXZFGDz/P65laNIujHVTlVjcqErut9d4BL0aplVByyGcJw=="
    }
  }
}
